
Microsoft Visual Studio Solution File, Format Version 12.00
# Visual Studio Version 17
VisualStudioVersion = 17.0.31919.166
MinimumVisualStudioVersion = 10.0.40219.1
Project("{FAE04EC0-301F-11D3-BF4B-00C04F79EFBC}") = "CookieTest", "CookieTest\CookieTest.csproj", "{EF82F68D-C7F1-4EBF-808E-1B9D590D08D0}"
EndProject
Global
	GlobalSection(SolutionConfigurationPlatforms) = preSolution
		Debug|Any CPU = Debug|Any CPU
		Release|Any CPU = Release|Any CPU
	EndGlobalSection
	GlobalSection(ProjectConfigurationPlatforms) = postSolution
		{EF82F68D-C7F1-4EBF-808E-1B9D590D08D0}.Debug|Any CPU.ActiveCfg = Debug|Any CPU
		{EF82F68D-C7F1-4EBF-808E-1B9D590D08D0}.Debug|Any CPU.Build.0 = Debug|Any CPU
		{EF82F68D-C7F1-4EBF-808E-1B9D590D08D0}.Release|Any CPU.ActiveCfg = Release|Any CPU
		{EF82F68D-C7F1-4EBF-808E-1B9D590D08D0}.Release|Any CPU.Build.0 = Release|Any CPU
	EndGlobalSection
	GlobalSection(SolutionProperties) = preSolution
		HideSolutionNode = FALSE
	EndGlobalSection
	GlobalSection(ExtensibilityGlobals) = postSolution
		SolutionGuid = {E9362875-2D48-42FA-8080-D366FB4ABA70}
	EndGlobalSection
EndGlobal
